
Microsoft Visual Studio Solution File, Format Version 12.00
# Visual Studio Version 17
VisualStudioVersion = 17.1.32210.238
MinimumVisualStudioVersion = 10.0.40219.1
Project("{FAE04EC0-301F-11D3-BF4B-00C04F79EFBC}") = "ShootingInteractions", "ShootingInteractions\ShootingInteractions.csproj", "{CAB84CFC-2008-4CDB-84AB-2446E1E5CF81}"
EndProject
Global
	GlobalSection(SolutionConfigurationPlatforms) = preSolution
		Debug|Any CPU = Debug|Any CPU
		Release|Any CPU = Release|Any CPU
	EndGlobalSection
	GlobalSection(ProjectConfigurationPlatforms) = postSolution
		{CAB84CFC-2008-4CDB-84AB-2446E1E5CF81}.Debug|Any CPU.ActiveCfg = Debug|Any CPU
		{CAB84CFC-2008-4CDB-84AB-2446E1E5CF81}.Debug|Any CPU.Build.0 = Debug|Any CPU
		{CAB84CFC-2008-4CDB-84AB-2446E1E5CF81}.Release|Any CPU.ActiveCfg = Release|Any CPU
		{CAB84CFC-2008-4CDB-84AB-2446E1E5CF81}.Release|Any CPU.Build.0 = Release|Any CPU
	EndGlobalSection
	GlobalSection(SolutionProperties) = preSolution
		HideSolutionNode = FALSE
	EndGlobalSection
	GlobalSection(ExtensibilityGlobals) = postSolution
		SolutionGuid = {D3A3E8DF-A867-4775-906A-9546A0565FEA}
	EndGlobalSection
EndGlobal
